PODS:
  - Alamofire (4.9.1)
  - Flutter (1.0.0)
  - flutter_boost (0.0.2):
    - Flutter
  - flutter_module (0.0.1):
    - Flutter
  - FlutterPluginRegistrant (0.0.1):
    - Flutter
    - flutter_boost
  - Moya (13.0.1):
    - Moya/Core (= 13.0.1)
  - Moya/Core (13.0.1):
    - Alamofire (~> 4.1)
    - Result (~> 4.1)
  - Result (4.1.0)

DEPENDENCIES:
  - Flutter (from `../flutter_module/.ios/Flutter/engine`)
  - flutter_boost (from `../flutter_module/.ios/Flutter/.symlinks/flutter_boost/ios`)
  - flutter_module (from `../flutter_module/.ios/Flutter`)
  - FlutterPluginRegistrant (from `../flutter_module/.ios/Flutter/FlutterPluginRegistrant`)
  - Moya

SPEC REPOS:
  trunk:
    - Alamofire
    - Moya
    - Result

EXTERNAL SOURCES:
  Flutter:
    :path: "../flutter_module/.ios/Flutter/engine"
  flutter_boost:
    :path: "../flutter_module/.ios/Flutter/.symlinks/flutter_boost/ios"
  flutter_module:
    :path: "../flutter_module/.ios/Flutter"
  FlutterPluginRegistrant:
    :path: "../flutter_module/.ios/Flutter/FlutterPluginRegistrant"

SPEC CHECKSUMS:
  Alamofire: 85e8a02c69d6020a0d734f6054870d7ecb75cf18
  Flutter: 0e3d915762c693b495b44d77113d4970485de6ec
  flutter_boost: a7cfa776b75329d5e7d101d0cd33e75042bcde69
  flutter_module: 37f078337caf8acad3074374a49bf81442fd3e07
  FlutterPluginRegistrant: 717df6b322c7d500c17eeff54284c74ed5410c7b
  Moya: f4a4b80ff2f8a4ffc208dfb31cd91636622fee6e
  Result: bd966fac789cc6c1563440b348ab2598cc24d5c7

PODFILE CHECKSUM: 3df80d922a6f6721e7555b8900d41c2a9d11e62b

COCOAPODS: 1.9.3
